{
  "lockfileVersion": 1,
  "workspaces": {
    "": {
      "name": "vscode-debug-bridge",
      "dependencies": {
        "ws": "^8.14.2",
      },
      "devDependencies": {
        "@types/vscode": "^1.60.0",
      },
    },
  },
  "packages": {
    "@types/vscode": ["@types/vscode@1.102.0", "", {}, "sha512-V9sFXmcXz03FtYTSUsYsu5K0Q9wH9w9V25slddcxrh5JgORD14LpnOA7ov0L9ALi+6HrTjskLJ/tY5zeRF3TFA=="],

    "ws": ["ws@8.18.3", "", { "peerDependencies": { "bufferutil": "^4.0.1", "utf-8-validate": ">=5.0.2" }, "optionalPeers": ["bufferutil", "utf-8-validate"] }, "sha512-PEIGCY5tSlUt50cqyMXfCzX+oOPqN0vuGqWzbcJ2xvnkzkq46oOpz7dQaTDBdfICb4N14+GARUDw2XV2N4tvzg=="],
  }
}
